
Microsoft Visual Studio Solution File, Format Version 12.00
# Visual Studio 2013
VisualStudioVersion = 12.0.30324.0
MinimumVisualStudioVersion = 10.0.40219.1
Project("{FAE04EC0-301F-11D3-BF4B-00C04F79EFBC}") = "ReactiveServer", "ReactiveServer\ReactiveServer.csproj", "{EC774B5B-A099-4FC8-813F-2C062DA35099}"
EndProject
Project("{FAE04EC0-301F-11D3-BF4B-00C04F79EFBC}") = "ReactiveClient", "ReactiveClient\ReactiveClient.csproj", "{4433B15E-7EFA-4685-B3FA-A31B5760A510}"
EndProject
Global
	GlobalSection(SolutionConfigurationPlatforms) = preSolution
		Debug|Any CPU = Debug|Any CPU
		Release|Any CPU = Release|Any CPU
	EndGlobalSection
	GlobalSection(ProjectConfigurationPlatforms) = postSolution
		{EC774B5B-A099-4FC8-813F-2C062DA35099}.Debug|Any CPU.ActiveCfg = Debug|Any CPU
		{EC774B5B-A099-4FC8-813F-2C062DA35099}.Debug|Any CPU.Build.0 = Debug|Any CPU
		{EC774B5B-A099-4FC8-813F-2C062DA35099}.Release|Any CPU.ActiveCfg = Release|Any CPU
		{EC774B5B-A099-4FC8-813F-2C062DA35099}.Release|Any CPU.Build.0 = Release|Any CPU
		{4433B15E-7EFA-4685-B3FA-A31B5760A510}.Debug|Any CPU.ActiveCfg = Debug|Any CPU
		{4433B15E-7EFA-4685-B3FA-A31B5760A510}.Debug|Any CPU.Build.0 = Debug|Any CPU
		{4433B15E-7EFA-4685-B3FA-A31B5760A510}.Release|Any CPU.ActiveCfg = Release|Any CPU
		{4433B15E-7EFA-4685-B3FA-A31B5760A510}.Release|Any CPU.Build.0 = Release|Any CPU
	EndGlobalSection
	GlobalSection(SolutionProperties) = preSolution
		HideSolutionNode = FALSE
	EndGlobalSection
EndGlobal
